// !$*UTF8*$!
{
	archiveVersion = 1;
	classes = {
	};
	objectVersion = 56;
	objects = {

/* Begin PBXBuildFile section */
		1905CB512AE3379B0055B593 /* ProfileSample.swift in Sources */ = {isa = PBXBuildFile; fileRef = 1905CB502AE3379B0055B593 /* ProfileSample.swift */; };
		1912FD1B2ABB0E7C00471B79 /* UserInfoView.swift in Sources */ = {isa = PBXBuildFile; fileRef = 1912FD1A2ABB0E7C00471B79 /* UserInfoView.swift */; };
		1912FD232ABB4D7600471B79 /* OnboardingView.swift in Sources */ = {isa = PBXBuildFile; fileRef = 1912FD222ABB4D7600471B79 /* OnboardingView.swift */; };
		195C36422ABCFEFA00C12838 /* UserDataViewModel.swift in Sources */ = {isa = PBXBuildFile; fileRef = 195C36412ABCFEFA00C12838 /* UserDataViewModel.swift */; };
		1998B0052AB908310021CC60 /* JambPrepApp.swift in Sources */ = {isa = PBXBuildFile; fileRef = 1998B0042AB908310021CC60 /* JambPrepApp.swift */; };
		1998B0072AB908310021CC60 /* ContentView.swift in Sources */ = {isa = PBXBuildFile; fileRef = 1998B0062AB908310021CC60 /* ContentView.swift */; };
		1998B0092AB908350021CC60 /* Assets.xcassets in Resources */ = {isa = PBXBuildFile; fileRef = 1998B0082AB908350021CC60 /* Assets.xcassets */; };
		1998B00C2AB908350021CC60 /* Preview Assets.xcassets in Resources */ = {isa = PBXBuildFile; fileRef = 1998B00B2AB908350021CC60 /* Preview Assets.xcassets */; };
		19A39D042AC8EDE700F4B653 /* StudyResources.swift in Sources */ = {isa = PBXBuildFile; fileRef = 19A39D032AC8EDE700F4B653 /* StudyResources.swift */; };
		19A39D062AC8F2CD00F4B653 /* TextbooksView.swift in Sources */ = {isa = PBXBuildFile; fileRef = 19A39D052AC8F2CD00F4B653 /* TextbooksView.swift */; };
		19A39D082AC8F73700F4B653 /* textbookList.swift in Sources */ = {isa = PBXBuildFile; fileRef = 19A39D072AC8F73700F4B653 /* textbookList.swift */; };
		19BB46EA2ACBF8FE0036A1C1 /* Novel.swift in Sources */ = {isa = PBXBuildFile; fileRef = 19BB46E92ACBF8FE0036A1C1 /* Novel.swift */; };
		19BB46EC2ACBF94B0036A1C1 /* Syllabus.swift in Sources */ = {isa = PBXBuildFile; fileRef = 19BB46EB2ACBF94B0036A1C1 /* Syllabus.swift */; };
		19BB46F02ACBFB270036A1C1 /* Universities.swift in Sources */ = {isa = PBXBuildFile; fileRef = 19BB46EF2ACBFB270036A1C1 /* Universities.swift */; };
		19BB46F62ACBFF2C0036A1C1 /* ImportantDates.swift in Sources */ = {isa = PBXBuildFile; fileRef = 19BB46F52ACBFF2C0036A1C1 /* ImportantDates.swift */; };
		19BB46FA2ACBFFB10036A1C1 /* Tips.swift in Sources */ = {isa = PBXBuildFile; fileRef = 19BB46F92ACBFFB10036A1C1 /* Tips.swift */; };
		19E1540B2ACEBF3B00B9E855 /* AgricTextbooks.swift in Sources */ = {isa = PBXBuildFile; fileRef = 19E1540A2ACEBF3B00B9E855 /* AgricTextbooks.swift */; };
		19E1540D2ACF4F9400B9E855 /* ArabicTextbooks.swift in Sources */ = {isa = PBXBuildFile; fileRef = 19E1540C2ACF4F9400B9E855 /* ArabicTextbooks.swift */; };
		19E1540F2ACF54BC00B9E855 /* ArtTextbooks.swift in Sources */ = {isa = PBXBuildFile; fileRef = 19E1540E2ACF54BC00B9E855 /* ArtTextbooks.swift */; };
		19E154112ACF550000B9E855 /* BiologyTextbooks.swift in Sources */ = {isa = PBXBuildFile; fileRef = 19E154102ACF550000B9E855 /* BiologyTextbooks.swift */; };
		19E154132ACF551100B9E855 /* ChemistryTextbooks.swift in Sources */ = {isa = PBXBuildFile; fileRef = 19E154122ACF551100B9E855 /* ChemistryTextbooks.swift */; };
		19E154152ACF552500B9E855 /* CommerceTextbooks.swift in Sources */ = {isa = PBXBuildFile; fileRef = 19E154142ACF552500B9E855 /* CommerceTextbooks.swift */; };
		19E154172ACF56B800B9E855 /* ComputerStudiesTextbooks.swift in Sources */ = {isa = PBXBuildFile; fileRef = 19E154162ACF56B800B9E855 /* ComputerStudiesTextbooks.swift */; };
		19E154192ACF56D900B9E855 /* CRKTextbooks.swift in Sources */ = {isa = PBXBuildFile; fileRef = 19E154182ACF56D900B9E855 /* CRKTextbooks.swift */; };
		19E1541B2ACF578A00B9E855 /* EconomicsTextbooks.swift in Sources */ = {isa = PBXBuildFile; fileRef = 19E1541A2ACF578900B9E855 /* EconomicsTextbooks.swift */; };
		19E1541D2ACF579900B9E855 /* FrenchTextbooks.swift in Sources */ = {isa = PBXBuildFile; fileRef = 19E1541C2ACF579900B9E855 /* FrenchTextbooks.swift */; };
		19E1541F2ACF57A700B9E855 /* GeographyTextbooks.swift in Sources */ = {isa = PBXBuildFile; fileRef = 19E1541E2ACF57A700B9E855 /* GeographyTextbooks.swift */; };
		19E154212ACF57CC00B9E855 /* Governmenttextbooks.swift in Sources */ = {isa = PBXBuildFile; fileRef = 19E154202ACF57CC00B9E855 /* Governmenttextbooks.swift */; };
		19E154232ACF583600B9E855 /* HausaTextbooks.swift in Sources */ = {isa = PBXBuildFile; fileRef = 19E154222ACF583600B9E855 /* HausaTextbooks.swift */; };
		19E154252ACF584500B9E855 /* HistoryTextbooks.swift in Sources */ = {isa = PBXBuildFile; fileRef = 19E154242ACF584500B9E855 /* HistoryTextbooks.swift */; };
		19E154272ACF585E00B9E855 /* HomeEconsTextbooks.swift in Sources */ = {isa = PBXBuildFile; fileRef = 19E154262ACF585E00B9E855 /* HomeEconsTextbooks.swift */; };
		19E154292ACF587200B9E855 /* IgboTextbooks.swift in Sources */ = {isa = PBXBuildFile; fileRef = 19E154282ACF587200B9E855 /* IgboTextbooks.swift */; };
		19E1542B2ACF588900B9E855 /* IslamicStudiesTextbooks.swift in Sources */ = {isa = PBXBuildFile; fileRef = 19E1542A2ACF588900B9E855 /* IslamicStudiesTextbooks.swift */; };
		19E1542D2ACF58AA00B9E855 /* LiteratureInEnglishTextbooks.swift in Sources */ = {isa = PBXBuildFile; fileRef = 19E1542C2ACF58AA00B9E855 /* LiteratureInEnglishTextbooks.swift */; };
		19E1542F2ACF58BD00B9E855 /* MathematicsTextbooks.swift in Sources */ = {isa = PBXBuildFile; fileRef = 19E1542E2ACF58BD00B9E855 /* MathematicsTextbooks.swift */; };
		19E154312ACF58D100B9E855 /* MusicTextbooks.swift in Sources */ = {isa = PBXBuildFile; fileRef = 19E154302ACF58D100B9E855 /* MusicTextbooks.swift */; };
		19E154332ACF58F100B9E855 /* PHETextbooks.swift in Sources */ = {isa = PBXBuildFile; fileRef = 19E154322ACF58F100B9E855 /* PHETextbooks.swift */; };
		19E154352ACF590900B9E855 /* PhysicsTextbooks.swift in Sources */ = {isa = PBXBuildFile; fileRef = 19E154342ACF590800B9E855 /* PhysicsTextbooks.swift */; };
		19E154372ACF592500B9E855 /* PrinciplesOfAccountTextbooks.swift in Sources */ = {isa = PBXBuildFile; fileRef = 19E154362ACF592500B9E855 /* PrinciplesOfAccountTextbooks.swift */; };
		19E154392ACF594300B9E855 /* UseOfEnglishTextbooks.swift in Sources */ = {isa = PBXBuildFile; fileRef = 19E154382ACF594300B9E855 /* UseOfEnglishTextbooks.swift */; };
		19E1543B2ACF595400B9E855 /* YorubaTextbooks.swift in Sources */ = {isa = PBXBuildFile; fileRef = 19E1543A2ACF595400B9E855 /* YorubaTextbooks.swift */; };
/* End PBXBuildFile section */

/* Begin PBXFileReference section */
		1905CB502AE3379B0055B593 /* ProfileSample.swift */ = {isa = PBXFileReference; lastKnownFileType = sourcecode.swift; path = ProfileSample.swift; sourceTree = "<group>"; };
		1912FD1A2ABB0E7C00471B79 /* UserInfoView.swift */ = {isa = PBXFileReference; lastKnownFileType = sourcecode.swift; path = UserInfoView.swift; sourceTree = "<group>"; };
		1912FD222ABB4D7600471B79 /* OnboardingView.swift */ = {isa = PBXFileReference; lastKnownFileType = sourcecode.swift; path = OnboardingView.swift; sourceTree = "<group>"; };
		195C36412ABCFEFA00C12838 /* UserDataViewModel.swift */ = {isa = PBXFileReference; lastKnownFileType = sourcecode.swift; path = UserDataViewModel.swift; sourceTree = "<group>"; };
		1998B0012AB908310021CC60 /* JambPrep.app */ = {isa = PBXFileReference; explicitFileType = wrapper.application; includeInIndex = 0; path = JambPrep.app; sourceTree = BUILT_PRODUCTS_DIR; };
		1998B0042AB908310021CC60 /* JambPrepApp.swift */ = {isa = PBXFileReference; lastKnownFileType = sourcecode.swift; path = JambPrepApp.swift; sourceTree = "<group>"; };
		1998B0062AB908310021CC60 /* ContentView.swift */ = {isa = PBXFileReference; lastKnownFileType = sourcecode.swift; path = ContentView.swift; sourceTree = "<group>"; };
		1998B0082AB908350021CC60 /* Assets.xcassets */ = {isa = PBXFileReference; lastKnownFileType = folder.assetcatalog; path = Assets.xcassets; sourceTree = "<group>"; };
		1998B00B2AB908350021CC60 /* Preview Assets.xcassets */ = {isa = PBXFileReference; lastKnownFileType = folder.assetcatalog; path = "Preview Assets.xcassets"; sourceTree = "<group>"; };
		19A39D032AC8EDE700F4B653 /* StudyResources.swift */ = {isa = PBXFileReference; lastKnownFileType = sourcecode.swift; path = StudyResources.swift; sourceTree = "<group>"; };
		19A39D052AC8F2CD00F4B653 /* TextbooksView.swift */ = {isa = PBXFileReference; lastKnownFileType = sourcecode.swift; path = TextbooksView.swift; sourceTree = "<group>"; };
		19A39D072AC8F73700F4B653 /* textbookList.swift */ = {isa = PBXFileReference; lastKnownFileType = sourcecode.swift; path = textbookList.swift; sourceTree = "<group>"; };
		19BB46E92ACBF8FE0036A1C1 /* Novel.swift */ = {isa = PBXFileReference; lastKnownFileType = sourcecode.swift; path = Novel.swift; sourceTree = "<group>"; };
		19BB46EB2ACBF94B0036A1C1 /* Syllabus.swift */ = {isa = PBXFileReference; lastKnownFileType = sourcecode.swift; path = Syllabus.swift; sourceTree = "<group>"; };
		19BB46EF2ACBFB270036A1C1 /* Universities.swift */ = {isa = PBXFileReference; lastKnownFileType = sourcecode.swift; path = Universities.swift; sourceTree = "<group>"; };
		19BB46F52ACBFF2C0036A1C1 /* ImportantDates.swift */ = {isa = PBXFileReference; lastKnownFileType = sourcecode.swift; path = ImportantDates.swift; sourceTree = "<group>"; };
		19BB46F92ACBFFB10036A1C1 /* Tips.swift */ = {isa = PBXFileReference; lastKnownFileType = sourcecode.swift; path = Tips.swift; sourceTree = "<group>"; };
		19E1540A2ACEBF3B00B9E855 /* AgricTextbooks.swift */ = {isa = PBXFileReference; lastKnownFileType = sourcecode.swift; path = AgricTextbooks.swift; sourceTree = "<group>"; };
		19E1540C2ACF4F9400B9E855 /* ArabicTextbooks.swift */ = {isa = PBXFileReference; lastKnownFileType = sourcecode.swift; path = ArabicTextbooks.swift; sourceTree = "<group>"; };
		19E1540E2ACF54BC00B9E855 /* ArtTextbooks.swift */ = {isa = PBXFileReference; lastKnownFileType = sourcecode.swift; path = ArtTextbooks.swift; sourceTree = "<group>"; };
		19E154102ACF550000B9E855 /* BiologyTextbooks.swift */ = {isa = PBXFileReference; lastKnownFileType = sourcecode.swift; path = BiologyTextbooks.swift; sourceTree = "<group>"; };
		19E154122ACF551100B9E855 /* ChemistryTextbooks.swift */ = {isa = PBXFileReference; lastKnownFileType = sourcecode.swift; path = ChemistryTextbooks.swift; sourceTree = "<group>"; };
		19E154142ACF552500B9E855 /* CommerceTextbooks.swift */ = {isa = PBXFileReference; lastKnownFileType = sourcecode.swift; path = CommerceTextbooks.swift; sourceTree = "<group>"; };
		19E154162ACF56B800B9E855 /* ComputerStudiesTextbooks.swift */ = {isa = PBXFileReference; lastKnownFileType = sourcecode.swift; path = ComputerStudiesTextbooks.swift; sourceTree = "<group>"; };
		19E154182ACF56D900B9E855 /* CRKTextbooks.swift */ = {isa = PBXFileReference; lastKnownFileType = sourcecode.swift; path = CRKTextbooks.swift; sourceTree = "<group>"; };
		19E1541A2ACF578900B9E855 /* EconomicsTextbooks.swift */ = {isa = PBXFileReference; lastKnownFileType = sourcecode.swift; path = EconomicsTextbooks.swift; sourceTree = "<group>"; };
		19E1541C2ACF579900B9E855 /* FrenchTextbooks.swift */ = {isa = PBXFileReference; lastKnownFileType = sourcecode.swift; path = FrenchTextbooks.swift; sourceTree = "<group>"; };
		19E1541E2ACF57A700B9E855 /* GeographyTextbooks.swift */ = {isa = PBXFileReference; lastKnownFileType = sourcecode.swift; path = GeographyTextbooks.swift; sourceTree = "<group>"; };
		19E154202ACF57CC00B9E855 /* Governmenttextbooks.swift */ = {isa = PBXFileReference; lastKnownFileType = sourcecode.swift; path = Governmenttextbooks.swift; sourceTree = "<group>"; };
		19E154222ACF583600B9E855 /* HausaTextbooks.swift */ = {isa = PBXFileReference; lastKnownFileType = sourcecode.swift; path = HausaTextbooks.swift; sourceTree = "<group>"; };
		19E154242ACF584500B9E855 /* HistoryTextbooks.swift */ = {isa = PBXFileReference; lastKnownFileType = sourcecode.swift; path = HistoryTextbooks.swift; sourceTree = "<group>"; };
		19E154262ACF585E00B9E855 /* HomeEconsTextbooks.swift */ = {isa = PBXFileReference; lastKnownFileType = sourcecode.swift; path = HomeEconsTextbooks.swift; sourceTree = "<group>"; };
		19E154282ACF587200B9E855 /* IgboTextbooks.swift */ = {isa = PBXFileReference; lastKnownFileType = sourcecode.swift; path = IgboTextbooks.swift; sourceTree = "<group>"; };
		19E1542A2ACF588900B9E855 /* IslamicStudiesTextbooks.swift */ = {isa = PBXFileReference; lastKnownFileType = sourcecode.swift; path = IslamicStudiesTextbooks.swift; sourceTree = "<group>"; };
		19E1542C2ACF58AA00B9E855 /* LiteratureInEnglishTextbooks.swift */ = {isa = PBXFileReference; lastKnownFileType = sourcecode.swift; path = LiteratureInEnglishTextbooks.swift; sourceTree = "<group>"; };
		19E1542E2ACF58BD00B9E855 /* MathematicsTextbooks.swift */ = {isa = PBXFileReference; lastKnownFileType = sourcecode.swift; path = MathematicsTextbooks.swift; sourceTree = "<group>"; };
		19E154302ACF58D100B9E855 /* MusicTextbooks.swift */ = {isa = PBXFileReference; lastKnownFileType = sourcecode.swift; path = MusicTextbooks.swift; sourceTree = "<group>"; };
		19E154322ACF58F100B9E855 /* PHETextbooks.swift */ = {isa = PBXFileReference; lastKnownFileType = sourcecode.swift; path = PHETextbooks.swift; sourceTree = "<group>"; };
		19E154342ACF590800B9E855 /* PhysicsTextbooks.swift */ = {isa = PBXFileReference; lastKnownFileType = sourcecode.swift; path = PhysicsTextbooks.swift; sourceTree = "<group>"; };
		19E154362ACF592500B9E855 /* PrinciplesOfAccountTextbooks.swift */ = {isa = PBXFileReference; lastKnownFileType = sourcecode.swift; path = PrinciplesOfAccountTextbooks.swift; sourceTree = "<group>"; };
		19E154382ACF594300B9E855 /* UseOfEnglishTextbooks.swift */ = {isa = PBXFileReference; lastKnownFileType = sourcecode.swift; path = UseOfEnglishTextbooks.swift; sourceTree = "<group>"; };
		19E1543A2ACF595400B9E855 /* YorubaTextbooks.swift */ = {isa = PBXFileReference; lastKnownFileType = sourcecode.swift; path = YorubaTextbooks.swift; sourceTree = "<group>"; };
/* End PBXFileReference section */

/* Begin PBXFrameworksBuildPhase section */
		1998AFFE2AB908310021CC60 /* Frameworks */ = {
			isa = PBXFrameworksBuildPhase;
			buildActionMask = 2147483647;
			files = (
			);
			runOnlyForDeploymentPostprocessing = 0;
		};
/* End PBXFrameworksBuildPhase section */

/* Begin PBXGroup section */
		1998AFF82AB908310021CC60 = {
			isa = PBXGroup;
			children = (
				1998B0032AB908310021CC60 /* JambPrep */,
				1998B0022AB908310021CC60 /* Products */,
			);
			sourceTree = "<group>";
		};
		1998B0022AB908310021CC60 /* Products */ = {
			isa = PBXGroup;
			children = (
				1998B0012AB908310021CC60 /* JambPrep.app */,
			);
			name = Products;
			sourceTree = "<group>";
		};
		1998B0032AB908310021CC60 /* JambPrep */ = {
			isa = PBXGroup;
			children = (
				1998B0042AB908310021CC60 /* JambPrepApp.swift */,
				1998B0062AB908310021CC60 /* ContentView.swift */,
				19A39D012AC8EC6500F4B653 /* StudyResourcesStuff */,
				195C36412ABCFEFA00C12838 /* UserDataViewModel.swift */,
				1912FD222ABB4D7600471B79 /* OnboardingView.swift */,
				1912FD1A2ABB0E7C00471B79 /* UserInfoView.swift */,
				1905CB502AE3379B0055B593 /* ProfileSample.swift */,
				1998B0082AB908350021CC60 /* Assets.xcassets */,
				1998B00A2AB908350021CC60 /* Preview Content */,
			);
			path = JambPrep;
			sourceTree = "<group>";
		};
		1998B00A2AB908350021CC60 /* Preview Content */ = {
			isa = PBXGroup;
			children = (
				1998B00B2AB908350021CC60 /* Preview Assets.xcassets */,
			);
			path = "Preview Content";
			sourceTree = "<group>";
		};
		19A39D012AC8EC6500F4B653 /* StudyResourcesStuff */ = {
			isa = PBXGroup;
			children = (
				19E154072ACEA6DD00B9E855 /* SubjectsTextbooks */,
				19A39D032AC8EDE700F4B653 /* StudyResources.swift */,
				19A39D052AC8F2CD00F4B653 /* TextbooksView.swift */,
				19A39D072AC8F73700F4B653 /* textbookList.swift */,
				19BB46E92ACBF8FE0036A1C1 /* Novel.swift */,
				19BB46EB2ACBF94B0036A1C1 /* Syllabus.swift */,
				19BB46EF2ACBFB270036A1C1 /* Universities.swift */,
				19BB46F52ACBFF2C0036A1C1 /* ImportantDates.swift */,
				19BB46F92ACBFFB10036A1C1 /* Tips.swift */,
			);
			path = StudyResourcesStuff;
			sourceTree = "<group>";
		};
		19E154072ACEA6DD00B9E855 /* SubjectsTextbooks */ = {
			isa = PBXGroup;
			children = (
				19E1540A2ACEBF3B00B9E855 /* AgricTextbooks.swift */,
				19E1540C2ACF4F9400B9E855 /* ArabicTextbooks.swift */,
				19E1540E2ACF54BC00B9E855 /* ArtTextbooks.swift */,
				19E154102ACF550000B9E855 /* BiologyTextbooks.swift */,
				19E154122ACF551100B9E855 /* ChemistryTextbooks.swift */,
				19E154142ACF552500B9E855 /* CommerceTextbooks.swift */,
				19E154162ACF56B800B9E855 /* ComputerStudiesTextbooks.swift */,
				19E154182ACF56D900B9E855 /* CRKTextbooks.swift */,
				19E1541A2ACF578900B9E855 /* EconomicsTextbooks.swift */,
				19E1541C2ACF579900B9E855 /* FrenchTextbooks.swift */,
				19E1541E2ACF57A700B9E855 /* GeographyTextbooks.swift */,
				19E154202ACF57CC00B9E855 /* Governmenttextbooks.swift */,
				19E154222ACF583600B9E855 /* HausaTextbooks.swift */,
				19E154242ACF584500B9E855 /* HistoryTextbooks.swift */,
				19E154262ACF585E00B9E855 /* HomeEconsTextbooks.swift */,
				19E154282ACF587200B9E855 /* IgboTextbooks.swift */,
				19E1542A2ACF588900B9E855 /* IslamicStudiesTextbooks.swift */,
				19E1542C2ACF58AA00B9E855 /* LiteratureInEnglishTextbooks.swift */,
				19E1542E2ACF58BD00B9E855 /* MathematicsTextbooks.swift */,
				19E154302ACF58D100B9E855 /* MusicTextbooks.swift */,
				19E154322ACF58F100B9E855 /* PHETextbooks.swift */,
				19E154342ACF590800B9E855 /* PhysicsTextbooks.swift */,
				19E154362ACF592500B9E855 /* PrinciplesOfAccountTextbooks.swift */,
				19E154382ACF594300B9E855 /* UseOfEnglishTextbooks.swift */,
				19E1543A2ACF595400B9E855 /* YorubaTextbooks.swift */,
			);
			path = SubjectsTextbooks;
			sourceTree = "<group>";
		};
/* End PBXGroup section */

/* Begin PBXNativeTarget section */
		1998B0002AB908310021CC60 /* JambPrep */ = {
			isa = PBXNativeTarget;
			buildConfigurationList = 1998B00F2AB908350021CC60 /* Build configuration list for PBXNativeTarget "JambPrep" */;
			buildPhases = (
				1998AFFD2AB908310021CC60 /* Sources */,
				1998AFFE2AB908310021CC60 /* Frameworks */,
				1998AFFF2AB908310021CC60 /* Resources */,
			);
			buildRules = (
			);
			dependencies = (
			);
			name = JambPrep;
			productName = JambPrep;
			productReference = 1998B0012AB908310021CC60 /* JambPrep.app */;
			productType = "com.apple.product-type.application";
		};
/* End PBXNativeTarget section */

/* Begin PBXProject section */
		1998AFF92AB908310021CC60 /* Project object */ = {
			isa = PBXProject;
			attributes = {
				BuildIndependentTargetsInParallel = 1;
				LastSwiftUpdateCheck = 1430;
				LastUpgradeCheck = 1430;
				TargetAttributes = {
					1998B0002AB908310021CC60 = {
						CreatedOnToolsVersion = 14.3;
					};
				};
			};
			buildConfigurationList = 1998AFFC2AB908310021CC60 /* Build configuration list for PBXProject "JambPrep" */;
			compatibilityVersion = "Xcode 14.0";
			developmentRegion = en;
			hasScannedForEncodings = 0;
			knownRegions = (
				en,
				Base,
			);
			mainGroup = 1998AFF82AB908310021CC60;
			productRefGroup = 1998B0022AB908310021CC60 /* Products */;
			projectDirPath = "";
			projectRoot = "";
			targets = (
				1998B0002AB908310021CC60 /* JambPrep */,
			);
		};
/* End PBXProject section */

/* Begin PBXResourcesBuildPhase section */
		1998AFFF2AB908310021CC60 /* Resources */ = {
			isa = PBXResourcesBuildPhase;
			buildActionMask = 2147483647;
			files = (
				1998B00C2AB908350021CC60 /* Preview Assets.xcassets in Resources */,
				1998B0092AB908350021CC60 /* Assets.xcassets in Resources */,
			);
			runOnlyForDeploymentPostprocessing = 0;
		};
/* End PBXResourcesBuildPhase section */

/* Begin PBXSourcesBuildPhase section */
		1998AFFD2AB908310021CC60 /* Sources */ = {
			isa = PBXSourcesBuildPhase;
			buildActionMask = 2147483647;
			files = (
				19E1542B2ACF588900B9E855 /* IslamicStudiesTextbooks.swift in Sources */,
				1998B0072AB908310021CC60 /* ContentView.swift in Sources */,
				19E154112ACF550000B9E855 /* BiologyTextbooks.swift in Sources */,
				19E154352ACF590900B9E855 /* PhysicsTextbooks.swift in Sources */,
				1905CB512AE3379B0055B593 /* ProfileSample.swift in Sources */,
				19E1541B2ACF578A00B9E855 /* EconomicsTextbooks.swift in Sources */,
				19E154232ACF583600B9E855 /* HausaTextbooks.swift in Sources */,
				19A39D082AC8F73700F4B653 /* textbookList.swift in Sources */,
				19E1542D2ACF58AA00B9E855 /* LiteratureInEnglishTextbooks.swift in Sources */,
				19E1541F2ACF57A700B9E855 /* GeographyTextbooks.swift in Sources */,
				19E1542F2ACF58BD00B9E855 /* MathematicsTextbooks.swift in Sources */,
				19E154252ACF584500B9E855 /* HistoryTextbooks.swift in Sources */,
				19E154392ACF594300B9E855 /* UseOfEnglishTextbooks.swift in Sources */,
				19E1540B2ACEBF3B00B9E855 /* AgricTextbooks.swift in Sources */,
				19BB46F02ACBFB270036A1C1 /* Universities.swift in Sources */,
				19E154272ACF585E00B9E855 /* HomeEconsTextbooks.swift in Sources */,
				19BB46FA2ACBFFB10036A1C1 /* Tips.swift in Sources */,
				19E1541D2ACF579900B9E855 /* FrenchTextbooks.swift in Sources */,
				19E154192ACF56D900B9E855 /* CRKTextbooks.swift in Sources */,
				19E154132ACF551100B9E855 /* ChemistryTextbooks.swift in Sources */,
				19A39D042AC8EDE700F4B653 /* StudyResources.swift in Sources */,
				19E1543B2ACF595400B9E855 /* YorubaTextbooks.swift in Sources */,
				19BB46EA2ACBF8FE0036A1C1 /* Novel.swift in Sources */,
				19E154292ACF587200B9E855 /* IgboTextbooks.swift in Sources */,
				1998B0052AB908310021CC60 /* JambPrepApp.swift in Sources */,
				19BB46F62ACBFF2C0036A1C1 /* ImportantDates.swift in Sources */,
				1912FD1B2ABB0E7C00471B79 /* UserInfoView.swift in Sources */,
				19E154372ACF592500B9E855 /* PrinciplesOfAccountTextbooks.swift in Sources */,
				19E1540F2ACF54BC00B9E855 /* ArtTextbooks.swift in Sources */,
				19E154312ACF58D100B9E855 /* MusicTextbooks.swift in Sources */,
				19E154212ACF57CC00B9E855 /* Governmenttextbooks.swift in Sources */,
				1912FD232ABB4D7600471B79 /* OnboardingView.swift in Sources */,
				19E154172ACF56B800B9E855 /* ComputerStudiesTextbooks.swift in Sources */,
				195C36422ABCFEFA00C12838 /* UserDataViewModel.swift in Sources */,
				19BB46EC2ACBF94B0036A1C1 /* Syllabus.swift in Sources */,
				19A39D062AC8F2CD00F4B653 /* TextbooksView.swift in Sources */,
				19E154152ACF552500B9E855 /* CommerceTextbooks.swift in Sources */,
				19E1540D2ACF4F9400B9E855 /* ArabicTextbooks.swift in Sources */,
				19E154332ACF58F100B9E855 /* PHETextbooks.swift in Sources */,
			);
			runOnlyForDeploymentPostprocessing = 0;
		};
/* End PBXSourcesBuildPhase section */

/* Begin XCBuildConfiguration section */
		1998B00D2AB908350021CC60 /* Debug */ = {
			isa = XCBuildConfiguration;
			buildSettings = {
				ALWAYS_SEARCH_USER_PATHS = NO;
				CLANG_ANALYZER_NONNULL = YES;
				CLANG_ANALYZER_NUMBER_OBJECT_CONVERSION = YES_AGGRESSIVE;
				CLANG_CXX_LANGUAGE_STANDARD = "gnu++20";
				CLANG_ENABLE_MODULES = YES;
				CLANG_ENABLE_OBJC_ARC = YES;
				CLANG_ENABLE_OBJC_WEAK = YES;
				CLANG_WARN_BLOCK_CAPTURE_AUTORELEASING = YES;
				CLANG_WARN_BOOL_CONVERSION = YES;
				CLANG_WARN_COMMA = YES;
				CLANG_WARN_CONSTANT_CONVERSION = YES;
				CLANG_WARN_DEPRECATED_OBJC_IMPLEMENTATIONS = YES;
				CLANG_WARN_DIRECT_OBJC_ISA_USAGE = YES_ERROR;
				CLANG_WARN_DOCUMENTATION_COMMENTS = YES;
				CLANG_WARN_EMPTY_BODY = YES;
				CLANG_WARN_ENUM_CONVERSION = YES;
				CLANG_WARN_INFINITE_RECURSION = YES;
				CLANG_WARN_INT_CONVERSION = YES;
				CLANG_WARN_NON_LITERAL_NULL_CONVERSION = YES;
				CLANG_WARN_OBJC_IMPLICIT_RETAIN_SELF = YES;
				CLANG_WARN_OBJC_LITERAL_CONVERSION = YES;
				CLANG_WARN_OBJC_ROOT_CLASS = YES_ERROR;
				CLANG_WARN_QUOTED_INCLUDE_IN_FRAMEWORK_HEADER = YES;
				CLANG_WARN_RANGE_LOOP_ANALYSIS = YES;
				CLANG_WARN_STRICT_PROTOTYPES = YES;
				CLANG_WARN_SUSPICIOUS_MOVE = YES;
				CLANG_WARN_UNGUARDED_AVAILABILITY = YES_AGGRESSIVE;
				CLANG_WARN_UNREACHABLE_CODE = YES;
				CLANG_WARN__DUPLICATE_METHOD_MATCH = YES;
				COPY_PHASE_STRIP = NO;
				DEBUG_INFORMATION_FORMAT = dwarf;
				ENABLE_STRICT_OBJC_MSGSEND = YES;
				ENABLE_TESTABILITY = YES;
				GCC_C_LANGUAGE_STANDARD = gnu11;
				GCC_DYNAMIC_NO_PIC = NO;
				GCC_NO_COMMON_BLOCKS = YES;
				GCC_OPTIMIZATION_LEVEL = 0;
				GCC_PREPROCESSOR_DEFINITIONS = (
					"DEBUG=1",
					"$(inherited)",
				);
				GCC_WARN_64_TO_32_BIT_CONVERSION = YES;
				GCC_WARN_ABOUT_RETURN_TYPE = YES_ERROR;
				GCC_WARN_UNDECLARED_SELECTOR = YES;
				GCC_WARN_UNINITIALIZED_AUTOS = YES_AGGRESSIVE;
				GCC_WARN_UNUSED_FUNCTION = YES;
				GCC_WARN_UNUSED_VARIABLE = YES;
				IPHONEOS_DEPLOYMENT_TARGET = 16.4;
				MTL_ENABLE_DEBUG_INFO = INCLUDE_SOURCE;
				MTL_FAST_MATH = YES;
				ONLY_ACTIVE_ARCH = YES;
				SDKROOT = iphoneos;
				SWIFT_ACTIVE_COMPILATION_CONDITIONS = DEBUG;
				SWIFT_OPTIMIZATION_LEVEL = "-Onone";
			};
			name = Debug;
		};
		1998B00E2AB908350021CC60 /* Release */ = {
			isa = XCBuildConfiguration;
			buildSettings = {
				ALWAYS_SEARCH_USER_PATHS = NO;
				CLANG_ANALYZER_NONNULL = YES;
				CLANG_ANALYZER_NUMBER_OBJECT_CONVERSION = YES_AGGRESSIVE;
				CLANG_CXX_LANGUAGE_STANDARD = "gnu++20";
				CLANG_ENABLE_MODULES = YES;
				CLANG_ENABLE_OBJC_ARC = YES;
				CLANG_ENABLE_OBJC_WEAK = YES;
				CLANG_WARN_BLOCK_CAPTURE_AUTORELEASING = YES;
				CLANG_WARN_BOOL_CONVERSION = YES;
				CLANG_WARN_COMMA = YES;
				CLANG_WARN_CONSTANT_CONVERSION = YES;
				CLANG_WARN_DEPRECATED_OBJC_IMPLEMENTATIONS = YES;
				CLANG_WARN_DIRECT_OBJC_ISA_USAGE = YES_ERROR;
				CLANG_WARN_DOCUMENTATION_COMMENTS = YES;
				CLANG_WARN_EMPTY_BODY = YES;
				CLANG_WARN_ENUM_CONVERSION = YES;
				CLANG_WARN_INFINITE_RECURSION = YES;
				CLANG_WARN_INT_CONVERSION = YES;
				CLANG_WARN_NON_LITERAL_NULL_CONVERSION = YES;
				CLANG_WARN_OBJC_IMPLICIT_RETAIN_SELF = YES;
				CLANG_WARN_OBJC_LITERAL_CONVERSION = YES;
				CLANG_WARN_OBJC_ROOT_CLASS = YES_ERROR;
				CLANG_WARN_QUOTED_INCLUDE_IN_FRAMEWORK_HEADER = YES;
				CLANG_WARN_RANGE_LOOP_ANALYSIS = YES;
				CLANG_WARN_STRICT_PROTOTYPES = YES;
				CLANG_WARN_SUSPICIOUS_MOVE = YES;
				CLANG_WARN_UNGUARDED_AVAILABILITY = YES_AGGRESSIVE;
				CLANG_WARN_UNREACHABLE_CODE = YES;
				CLANG_WARN__DUPLICATE_METHOD_MATCH = YES;
				COPY_PHASE_STRIP = NO;
				DEBUG_INFORMATION_FORMAT = "dwarf-with-dsym";
				ENABLE_NS_ASSERTIONS = NO;
				ENABLE_STRICT_OBJC_MSGSEND = YES;
				GCC_C_LANGUAGE_STANDARD = gnu11;
				GCC_NO_COMMON_BLOCKS = YES;
				GCC_WARN_64_TO_32_BIT_CONVERSION = YES;
				GCC_WARN_ABOUT_RETURN_TYPE = YES_ERROR;
				GCC_WARN_UNDECLARED_SELECTOR = YES;
				GCC_WARN_UNINITIALIZED_AUTOS = YES_AGGRESSIVE;
				GCC_WARN_UNUSED_FUNCTION = YES;
				GCC_WARN_UNUSED_VARIABLE = YES;
				IPHONEOS_DEPLOYMENT_TARGET = 16.4;
				MTL_ENABLE_DEBUG_INFO = NO;
				MTL_FAST_MATH = YES;
				SDKROOT = iphoneos;
				SWIFT_COMPILATION_MODE = wholemodule;
				SWIFT_OPTIMIZATION_LEVEL = "-O";
				VALIDATE_PRODUCT = YES;
			};
			name = Release;
		};
		1998B0102AB908350021CC60 /* Debug */ = {
			isa = XCBuildConfiguration;
			buildSettings = {
				ASSETCATALOG_COMPILER_APPICON_NAME = AppIcon;
				ASSETCATALOG_COMPILER_GLOBAL_ACCENT_COLOR_NAME = AccentColor;
				CODE_SIGN_STYLE = Automatic;
				CURRENT_PROJECT_VERSION = 1;
				DEVELOPMENT_ASSET_PATHS = "\"JambPrep/Preview Content\"";
				DEVELOPMENT_TEAM = TDZ4N8TP7G;
				ENABLE_PREVIEWS = YES;
				GENERATE_INFOPLIST_FILE = YES;
				INFOPLIST_KEY_UIApplicationSceneManifest_Generation = YES;
				INFOPLIST_KEY_UIApplicationSupportsIndirectInputEvents = YES;
				INFOPLIST_KEY_UILaunchScreen_Generation = YES;
				INFOPLIST_KEY_UISupportedInterfaceOrientations_iPad = "UIInterfaceOrientationPortrait UIInterfaceOrientationPortraitUpsideDown UIInterfaceOrientationLandscapeLeft UIInterfaceOrientationLandscapeRight";
				INFOPLIST_KEY_UISupportedInterfaceOrientations_iPhone = "UIInterfaceOrientationPortrait UIInterfaceOrientationLandscapeLeft UIInterfaceOrientationLandscapeRight";
				LD_RUNPATH_SEARCH_PATHS = (
					"$(inherited)",
					"@executable_path/Frameworks",
				);
				MARKETING_VERSION = 1.0;
				PRODUCT_BUNDLE_IDENTIFIER = com.omnivrr.JambPrep;
				PRODUCT_NAME = "$(TARGET_NAME)";
				SWIFT_EMIT_LOC_STRINGS = YES;
				SWIFT_VERSION = 5.0;
				TARGETED_DEVICE_FAMILY = "1,2";
			};
			name = Debug;
		};
		1998B0112AB908350021CC60 /* Release */ = {
			isa = XCBuildConfiguration;
			buildSettings = {
				ASSETCATALOG_COMPILER_APPICON_NAME = AppIcon;
				ASSETCATALOG_COMPILER_GLOBAL_ACCENT_COLOR_NAME = AccentColor;
				CODE_SIGN_STYLE = Automatic;
				CURRENT_PROJECT_VERSION = 1;
				DEVELOPMENT_ASSET_PATHS = "\"JambPrep/Preview Content\"";
				DEVELOPMENT_TEAM = TDZ4N8TP7G;
				ENABLE_PREVIEWS = YES;
				GENERATE_INFOPLIST_FILE = YES;
				INFOPLIST_KEY_UIApplicationSceneManifest_Generation = YES;
				INFOPLIST_KEY_UIApplicationSupportsIndirectInputEvents = YES;
				INFOPLIST_KEY_UILaunchScreen_Generation = YES;
				INFOPLIST_KEY_UISupportedInterfaceOrientations_iPad = "UIInterfaceOrientationPortrait UIInterfaceOrientationPortraitUpsideDown UIInterfaceOrientationLandscapeLeft UIInterfaceOrientationLandscapeRight";
				INFOPLIST_KEY_UISupportedInterfaceOrientations_iPhone = "UIInterfaceOrientationPortrait UIInterfaceOrientationLandscapeLeft UIInterfaceOrientationLandscapeRight";
				LD_RUNPATH_SEARCH_PATHS = (
					"$(inherited)",
					"@executable_path/Frameworks",
				);
				MARKETING_VERSION = 1.0;
				PRODUCT_BUNDLE_IDENTIFIER = com.omnivrr.JambPrep;
				PRODUCT_NAME = "$(TARGET_NAME)";
				SWIFT_EMIT_LOC_STRINGS = YES;
				SWIFT_VERSION = 5.0;
				TARGETED_DEVICE_FAMILY = "1,2";
			};
			name = Release;
		};
/* End XCBuildConfiguration section */

/* Begin XCConfigurationList section */
		1998AFFC2AB908310021CC60 /* Build configuration list for PBXProject "JambPrep" */ = {
			isa = XCConfigurationList;
			buildConfigurations = (
				1998B00D2AB908350021CC60 /* Debug */,
				1998B00E2AB908350021CC60 /* Release */,
			);
			defaultConfigurationIsVisible = 0;
			defaultConfigurationName = Release;
		};
		1998B00F2AB908350021CC60 /* Build configuration list for PBXNativeTarget "JambPrep" */ = {
			isa = XCConfigurationList;
			buildConfigurations = (
				1998B0102AB908350021CC60 /* Debug */,
				1998B0112AB908350021CC60 /* Release */,
			);
			defaultConfigurationIsVisible = 0;
			defaultConfigurationName = Release;
		};
/* End XCConfigurationList section */
	};
	rootObject = 1998AFF92AB908310021CC60 /* Project object */;
}
